
Microsoft Visual Studio Solution File, Format Version 12.00
# Visual Studio Version 17
VisualStudioVersion = 17.11.35208.52
MinimumVisualStudioVersion = 10.0.40219.1
Project("{FAE04EC0-301F-11D3-BF4B-00C04F79EFBC}") = "UkariOverbyA8", "UkariOverbyA8\UkariOverbyA8.csproj", "{26FBE0B8-5B68-4566-B4AF-F895B467985B}"
EndProject
Global
	GlobalSection(SolutionConfigurationPlatforms) = preSolution
		Debug|Any CPU = Debug|Any CPU
		Release|Any CPU = Release|Any CPU
	EndGlobalSection
	GlobalSection(ProjectConfigurationPlatforms) = postSolution
		{26FBE0B8-5B68-4566-B4AF-F895B467985B}.Debug|Any CPU.ActiveCfg = Debug|Any CPU
		{26FBE0B8-5B68-4566-B4AF-F895B467985B}.Debug|Any CPU.Build.0 = Debug|Any CPU
		{26FBE0B8-5B68-4566-B4AF-F895B467985B}.Release|Any CPU.ActiveCfg = Release|Any CPU
		{26FBE0B8-5B68-4566-B4AF-F895B467985B}.Release|Any CPU.Build.0 = Release|Any CPU
	EndGlobalSection
	GlobalSection(SolutionProperties) = preSolution
		HideSolutionNode = FALSE
	EndGlobalSection
	GlobalSection(ExtensibilityGlobals) = postSolution
		SolutionGuid = {136325E1-3C14-4EE3-8B3E-E02CF01BDBEE}
	EndGlobalSection
EndGlobal
